
Microsoft Visual Studio Solution File, Format Version 11.00
# Visual C# Express 2010
Project("{FAE04EC0-301F-11D3-BF4B-00C04F79EFBC}") = "CarData", "CarData\CarData.csproj", "{94468867-0B5B-4E80-A527-B5BE082A2666}"
EndProject
Global
	GlobalSection(SolutionConfigurationPlatforms) = preSolution
		Debug|x86 = Debug|x86
		Release|x86 = Release|x86
	EndGlobalSection
	GlobalSection(ProjectConfigurationPlatforms) = postSolution
		{94468867-0B5B-4E80-A527-B5BE082A2666}.Debug|x86.ActiveCfg = Debug|x86
		{94468867-0B5B-4E80-A527-B5BE082A2666}.Debug|x86.Build.0 = Debug|x86
		{94468867-0B5B-4E80-A527-B5BE082A2666}.Release|x86.ActiveCfg = Release|x86
		{94468867-0B5B-4E80-A527-B5BE082A2666}.Release|x86.Build.0 = Release|x86
	EndGlobalSection
	GlobalSection(SolutionProperties) = preSolution
		HideSolutionNode = FALSE
	EndGlobalSection
EndGlobal
